
Microsoft Visual Studio Solution File, Format Version 12.00
# Visual Studio Version 17
VisualStudioVersion = 17.11.35222.181
MinimumVisualStudioVersion = 10.0.40219.1
Project("{9A19103F-16F7-4668-BE54-9A1E7A4F7556}") = "API", "API\API.csproj", "{13564404-4BC6-45F6-B3D7-042A4D9CC8F2}"
EndProject
Project("{FAE04EC0-301F-11D3-BF4B-00C04F79EFBC}") = "Common", "Common\Common.csproj", "{BB703ACB-086A-41F7-A483-13A9550CF648}"
EndProject
Project("{FAE04EC0-301F-11D3-BF4B-00C04F79EFBC}") = "Data", "Data\Data.csproj", "{84C3C4CB-7C9A-4E22-8237-ACCE13D29DBE}"
EndProject
Project("{FAE04EC0-301F-11D3-BF4B-00C04F79EFBC}") = "Service", "Service\Service.csproj", "{459BFB22-6B34-4A7A-955D-DB4B5C75B822}"
EndProject
Global
	GlobalSection(SolutionConfigurationPlatforms) = preSolution
		Debug|Any CPU = Debug|Any CPU
		Release|Any CPU = Release|Any CPU
	EndGlobalSection
	GlobalSection(ProjectConfigurationPlatforms) = postSolution
		{13564404-4BC6-45F6-B3D7-042A4D9CC8F2}.Debug|Any CPU.ActiveCfg = Debug|Any CPU
		{13564404-4BC6-45F6-B3D7-042A4D9CC8F2}.Debug|Any CPU.Build.0 = Debug|Any CPU
		{13564404-4BC6-45F6-B3D7-042A4D9CC8F2}.Release|Any CPU.ActiveCfg = Release|Any CPU
		{13564404-4BC6-45F6-B3D7-042A4D9CC8F2}.Release|Any CPU.Build.0 = Release|Any CPU
		{BB703ACB-086A-41F7-A483-13A9550CF648}.Debug|Any CPU.ActiveCfg = Debug|Any CPU
		{BB703ACB-086A-41F7-A483-13A9550CF648}.Debug|Any CPU.Build.0 = Debug|Any CPU
		{BB703ACB-086A-41F7-A483-13A9550CF648}.Release|Any CPU.ActiveCfg = Release|Any CPU
		{BB703ACB-086A-41F7-A483-13A9550CF648}.Release|Any CPU.Build.0 = Release|Any CPU
		{84C3C4CB-7C9A-4E22-8237-ACCE13D29DBE}.Debug|Any CPU.ActiveCfg = Debug|Any CPU
		{84C3C4CB-7C9A-4E22-8237-ACCE13D29DBE}.Debug|Any CPU.Build.0 = Debug|Any CPU
		{84C3C4CB-7C9A-4E22-8237-ACCE13D29DBE}.Release|Any CPU.ActiveCfg = Release|Any CPU
		{84C3C4CB-7C9A-4E22-8237-ACCE13D29DBE}.Release|Any CPU.Build.0 = Release|Any CPU
		{459BFB22-6B34-4A7A-955D-DB4B5C75B822}.Debug|Any CPU.ActiveCfg = Debug|Any CPU
		{459BFB22-6B34-4A7A-955D-DB4B5C75B822}.Debug|Any CPU.Build.0 = Debug|Any CPU
		{459BFB22-6B34-4A7A-955D-DB4B5C75B822}.Release|Any CPU.ActiveCfg = Release|Any CPU
		{459BFB22-6B34-4A7A-955D-DB4B5C75B822}.Release|Any CPU.Build.0 = Release|Any CPU
	EndGlobalSection
	GlobalSection(SolutionProperties) = preSolution
		HideSolutionNode = FALSE
	EndGlobalSection
	GlobalSection(ExtensibilityGlobals) = postSolution
		SolutionGuid = {1ECBF286-0EA4-4B64-8EF1-54C7D71D3113}
	EndGlobalSection
EndGlobal
