
Microsoft Visual Studio Solution File, Format Version 12.00
# Visual Studio Version 17
VisualStudioVersion = 17.11.35222.181
MinimumVisualStudioVersion = 10.0.40219.1
Project("{9A19103F-16F7-4668-BE54-9A1E7A4F7556}") = "API", "API\API.csproj", "{13564404-4BC6-45F6-B3D7-042A4D9CC8F2}"
EndProject
Project("{9A19103F-16F7-4668-BE54-9A1E7A4F7556}") = "Common", "Common\Common.csproj", "{91273B5C-608A-44D1-A72B-AC346FCDE928}"
EndProject
Project("{9A19103F-16F7-4668-BE54-9A1E7A4F7556}") = "Data", "Data\Data.csproj", "{B468F22D-8BCC-4C42-A04B-1F40D50731E8}"
EndProject
Project("{9A19103F-16F7-4668-BE54-9A1E7A4F7556}") = "Service", "Service\Service.csproj", "{C349B7AB-35F2-4E9F-8BBF-92BE7CBCBADF}"
EndProject
Global
	GlobalSection(SolutionConfigurationPlatforms) = preSolution
		Debug|Any CPU = Debug|Any CPU
		Release|Any CPU = Release|Any CPU
	EndGlobalSection
	GlobalSection(ProjectConfigurationPlatforms) = postSolution
		{13564404-4BC6-45F6-B3D7-042A4D9CC8F2}.Debug|Any CPU.ActiveCfg = Debug|Any CPU
		{13564404-4BC6-45F6-B3D7-042A4D9CC8F2}.Debug|Any CPU.Build.0 = Debug|Any CPU
		{13564404-4BC6-45F6-B3D7-042A4D9CC8F2}.Release|Any CPU.ActiveCfg = Release|Any CPU
		{13564404-4BC6-45F6-B3D7-042A4D9CC8F2}.Release|Any CPU.Build.0 = Release|Any CPU
		{91273B5C-608A-44D1-A72B-AC346FCDE928}.Debug|Any CPU.ActiveCfg = Debug|Any CPU
		{91273B5C-608A-44D1-A72B-AC346FCDE928}.Debug|Any CPU.Build.0 = Debug|Any CPU
		{91273B5C-608A-44D1-A72B-AC346FCDE928}.Release|Any CPU.ActiveCfg = Release|Any CPU
		{91273B5C-608A-44D1-A72B-AC346FCDE928}.Release|Any CPU.Build.0 = Release|Any CPU
		{B468F22D-8BCC-4C42-A04B-1F40D50731E8}.Debug|Any CPU.ActiveCfg = Debug|Any CPU
		{B468F22D-8BCC-4C42-A04B-1F40D50731E8}.Debug|Any CPU.Build.0 = Debug|Any CPU
		{B468F22D-8BCC-4C42-A04B-1F40D50731E8}.Release|Any CPU.ActiveCfg = Release|Any CPU
		{B468F22D-8BCC-4C42-A04B-1F40D50731E8}.Release|Any CPU.Build.0 = Release|Any CPU
		{C349B7AB-35F2-4E9F-8BBF-92BE7CBCBADF}.Debug|Any CPU.ActiveCfg = Debug|Any CPU
		{C349B7AB-35F2-4E9F-8BBF-92BE7CBCBADF}.Debug|Any CPU.Build.0 = Debug|Any CPU
		{C349B7AB-35F2-4E9F-8BBF-92BE7CBCBADF}.Release|Any CPU.ActiveCfg = Release|Any CPU
		{C349B7AB-35F2-4E9F-8BBF-92BE7CBCBADF}.Release|Any CPU.Build.0 = Release|Any CPU
	EndGlobalSection
	GlobalSection(SolutionProperties) = preSolution
		HideSolutionNode = FALSE
	EndGlobalSection
	GlobalSection(ExtensibilityGlobals) = postSolution
		SolutionGuid = {1ECBF286-0EA4-4B64-8EF1-54C7D71D3113}
	EndGlobalSection
EndGlobal
